<?xml version="1.0" encoding="utf-8"?>
<Project ToolsVersion="4.0" xmlns="http://schemas.microsoft.com/developer/msbuild/2003">
  <ItemGroup>
    <Filter Include="Network">
      <UniqueIdentifier>{9daf1e77-6acd-48ca-8a43-7bcfb2cd87f8}</UniqueIdentifier>
    </Filter>
    <Filter Include="Util">
      <UniqueIdentifier>{6e2a3628-1a6a-41ae-a52c-82605c038428}</UniqueIdentifier>
    </Filter>
    <Filter Include="Common">
      <UniqueIdentifier>{e9027bfa-e323-4eb3-a882-a3a8a8625a3d}</UniqueIdentifier>
    </Filter>
  </ItemGroup>
  <ItemGroup>
    <ClInclude Include="ByteBuffer.h">
      <Filter>Network</Filter>
    </ClInclude>
    <ClInclude Include="Decoder.h">
      <Filter>Network</Filter>
    </ClInclude>
    <ClInclude Include="AsioHelper.h">
      <Filter>Util</Filter>
    </ClInclude>
    <ClInclude Include="network.h" />
    <ClInclude Include="Types.h">
      <Filter>Common</Filter>
    </ClInclude>
    <ClInclude Include="NetServer.h">
      <Filter>Network</Filter>
    </ClInclude>
    <ClInclude Include="Session.h">
      <Filter>Network</Filter>
    </ClInclude>
    <ClInclude Include="Config.h">
      <Filter>Network</Filter>
    </ClInclude>
    <ClInclude Include="EventLoop.h">
      <Filter>Network</Filter>
    </ClInclude>
    <ClInclude Include="NetClient.h">
      <Filter>Network</Filter>
    </ClInclude>
  </ItemGroup>
  <ItemGroup>
    <ClCompile Include="NetServer.cpp">
      <Filter>Network</Filter>
    </ClCompile>
    <ClCompile Include="Session.cpp">
      <Filter>Network</Filter>
    </ClCompile>
    <ClCompile Include="EventLoop.cpp">
      <Filter>Network</Filter>
    </ClCompile>
    <ClCompile Include="NetClient.cpp">
      <Filter>Network</Filter>
    </ClCompile>
  </ItemGroup>
</Project>